PODS:
  - bumper (1.1.0):
    - bumper/Core (= 1.1.0)
  - bumper/Core (1.1.0)
  - bumper/RxObserving (1.1.0):
    - bumper/Core
    - RxCocoa (~> 4.1)
    - RxSwift (~> 4.1)
  - Nimble (7.1.1)
  - Quick (1.3.0)
  - RxCocoa (4.1.2):
    - RxSwift (~> 4.0)
  - RxSwift (4.1.2)

DEPENDENCIES:
  - bumper (from `../`)
  - bumper/RxObserving (from `../`)
  - Nimble (~> 7.1.1)
  - Quick (~> 1.3.0)

SPEC REPOS:
  https://github.com/CocoaPods/Specs.git:
    - Nimble
    - Quick
    - RxCocoa
    - RxSwift

EXTERNAL SOURCES:
  bumper:
    :path: "../"

SPEC CHECKSUMS:
  bumper: c1210ac74ff3634ed3ecb02a466b6ace53bd9bc9
  Nimble: 391f07782af4b37914f9bd7b2ffbb952731b8202
  Quick: 03278013f71aa05fe9ecabc94fbcc6835f1ee76f
  RxCocoa: d88ba0f1f6abf040011a9eb4b539324fc426843a
  RxSwift: e49536837d9901277638493ea537394d4b55f570

PODFILE CHECKSUM: 1733d79d409b23c13401ea6d6bb9fc44de2a06e0

COCOAPODS: 1.5.0
